
Microsoft Visual Studio Solution File, Format Version 12.00
# Visual Studio Version 17
VisualStudioVersion = 17.3.32721.290
MinimumVisualStudioVersion = 10.0.40219.1
Project("{FAE04EC0-301F-11D3-BF4B-00C04F79EFBC}") = "TelegramBot_v1", "TelegramBot_v1\TelegramBot_v1.csproj", "{9FF32025-5D7C-49FC-AEFA-74BBA5083719}"
EndProject
Global
	GlobalSection(SolutionConfigurationPlatforms) = preSolution
		Debug|Any CPU = Debug|Any CPU
		Release|Any CPU = Release|Any CPU
	EndGlobalSection
	GlobalSection(ProjectConfigurationPlatforms) = postSolution
		{9FF32025-5D7C-49FC-AEFA-74BBA5083719}.Debug|Any CPU.ActiveCfg = Debug|Any CPU
		{9FF32025-5D7C-49FC-AEFA-74BBA5083719}.Debug|Any CPU.Build.0 = Debug|Any CPU
		{9FF32025-5D7C-49FC-AEFA-74BBA5083719}.Release|Any CPU.ActiveCfg = Release|Any CPU
		{9FF32025-5D7C-49FC-AEFA-74BBA5083719}.Release|Any CPU.Build.0 = Release|Any CPU
	EndGlobalSection
	GlobalSection(SolutionProperties) = preSolution
		HideSolutionNode = FALSE
	EndGlobalSection
	GlobalSection(ExtensibilityGlobals) = postSolution
		SolutionGuid = {1D426EE8-C6C4-4E34-8BA6-3BAD1A9FCE86}
	EndGlobalSection
EndGlobal
